
Microsoft Visual Studio Solution File, Format Version 12.00
# Visual Studio Version 16
VisualStudioVersion = 16.0.31112.23
MinimumVisualStudioVersion = 10.0.40219.1
Project("{8BC9CEB8-8B4A-11D0-8D11-00A0C91BC942}") = "lab1_cpp", "lab1_cpp\lab1_cpp.vcxproj", "{393E4DD1-299A-411A-9F1A-4EA6839BDD3A}"
EndProject
Global
	GlobalSection(SolutionConfigurationPlatforms) = preSolution
		Debug|x64 = Debug|x64
		Debug|x86 = Debug|x86
		Release|x64 = Release|x64
		Release|x86 = Release|x86
	EndGlobalSection
	GlobalSection(ProjectConfigurationPlatforms) = postSolution
		{393E4DD1-299A-411A-9F1A-4EA6839BDD3A}.Debug|x64.ActiveCfg = Debug|x64
		{393E4DD1-299A-411A-9F1A-4EA6839BDD3A}.Debug|x64.Build.0 = Debug|x64
		{393E4DD1-299A-411A-9F1A-4EA6839BDD3A}.Debug|x86.ActiveCfg = Debug|Win32
		{393E4DD1-299A-411A-9F1A-4EA6839BDD3A}.Debug|x86.Build.0 = Debug|Win32
		{393E4DD1-299A-411A-9F1A-4EA6839BDD3A}.Release|x64.ActiveCfg = Release|x64
		{393E4DD1-299A-411A-9F1A-4EA6839BDD3A}.Release|x64.Build.0 = Release|x64
		{393E4DD1-299A-411A-9F1A-4EA6839BDD3A}.Release|x86.ActiveCfg = Release|Win32
		{393E4DD1-299A-411A-9F1A-4EA6839BDD3A}.Release|x86.Build.0 = Release|Win32
	EndGlobalSection
	GlobalSection(SolutionProperties) = preSolution
		HideSolutionNode = FALSE
	EndGlobalSection
	GlobalSection(ExtensibilityGlobals) = postSolution
		SolutionGuid = {2BB2CEBD-71DA-4E7E-8B00-42F70B79D5B2}
	EndGlobalSection
EndGlobal
